{
  "name": "openguard-syft-real-fixture",
  "version": "1.0.0",
  "lockfileVersion": 3,
  "requires": true,
  "packages": {
    "": {
      "name": "openguard-syft-real-fixture",
      "version": "1.0.0",
      "dependencies": {
        "is-number": "7.0.0"
      }
    },
    "node_modules/is-number": {
      "version": "7.0.0",
      "resolved": "https://registry.npmjs.org/is-number/-/is-number-7.0.0.tgz",
      "integrity": "sha512-41Cifkg6e8K3SUoUn5qP97FZd/HBEjY+b/JBy8/YDxzjImlDEyKjw9R7a8hM0FYiO0gQwRZ6j6RXxOaA0E6zQ=="
    }
  }
}
